// !$*UTF8*$!
{
	archiveVersion = 1;
	classes = {
	};
	objectVersion = 77;
	objects = {

/* Begin PBXContainerItemProxy section */
		C42E7AF02CFFEFBB007B574F /* PBXContainerItemProxy */ = {
			isa = PBXContainerItemProxy;
			containerPortal = C42E7AD22CFFEFB9007B574F /* Project object */;
			proxyType = 1;
			remoteGlobalIDString = C42E7AD92CFFEFB9007B574F;
			remoteInfo = "Appétit";
		};
		C42E7AFA2CFFEFBB007B574F /* PBXContainerItemProxy */ = {
			isa = PBXContainerItemProxy;
			containerPortal = C42E7AD22CFFEFB9007B574F /* Project object */;
			proxyType = 1;
			remoteGlobalIDString = C42E7AD92CFFEFB9007B574F;
			remoteInfo = "Appétit";
		};
/* End PBXContainerItemProxy section */

/* Begin PBXFileReference section */
		C42E7ADA2CFFEFB9007B574F /* Appétit.app */ = {isa = PBXFileReference; explicitFileType = wrapper.application; includeInIndex = 0; path = "Appétit.app"; sourceTree = BUILT_PRODUCTS_DIR; };
		C42E7AEF2CFFEFBB007B574F /* AppétitTests.xctest */ = {isa = PBXFileReference; explicitFileType = wrapper.cfbundle; includeInIndex = 0; path = "AppétitTests.xctest"; sourceTree = BUILT_PRODUCTS_DIR; };
		C42E7AF92CFFEFBB007B574F /* AppétitUITests.xctest */ = {isa = PBXFileReference; explicitFileType = wrapper.cfbundle; includeInIndex = 0; path = "AppétitUITests.xctest"; sourceTree = BUILT_PRODUCTS_DIR; };
/* End PBXFileReference section */

/* Begin PBXFileSystemSynchronizedRootGroup section */
		C42E7ADC2CFFEFB9007B574F /* Appétit */ = {
			isa = PBXFileSystemSynchronizedRootGroup;
			path = "Appétit";
			sourceTree = "<group>";
		};
		C42E7AF22CFFEFBB007B574F /* AppétitTests */ = {
			isa = PBXFileSystemSynchronizedRootGroup;
			path = "AppétitTests";
			sourceTree = "<group>";
		};
		C42E7AFC2CFFEFBB007B574F /* AppétitUITests */ = {
			isa = PBXFileSystemSynchronizedRootGroup;
			path = "AppétitUITests";
			sourceTree = "<group>";
		};
/* End PBXFileSystemSynchronizedRootGroup section */

/* Begin PBXFrameworksBuildPhase section */
		C42E7AD72CFFEFB9007B574F /* Frameworks */ = {
			isa = PBXFrameworksBuildPhase;
			buildActionMask = 2147483647;
			files = (
			);
			runOnlyForDeploymentPostprocessing = 0;
		};
		C42E7AEC2CFFEFBB007B574F /* Frameworks */ = {
			isa = PBXFrameworksBuildPhase;
			buildActionMask = 2147483647;
			files = (
			);
			runOnlyForDeploymentPostprocessing = 0;
		};
		C42E7AF62CFFEFBB007B574F /* Frameworks */ = {
			isa = PBXFrameworksBuildPhase;
			buildActionMask = 2147483647;
			files = (
			);
			runOnlyForDeploymentPostprocessing = 0;
		};
/* End PBXFrameworksBuildPhase section */

/* Begin PBXGroup section */
		C42E7AD12CFFEFB9007B574F = {
			isa = PBXGroup;
			children = (
				C42E7ADC2CFFEFB9007B574F /* Appétit */,
				C42E7AF22CFFEFBB007B574F /* AppétitTests */,
				C42E7AFC2CFFEFBB007B574F /* AppétitUITests */,
				C42E7ADB2CFFEFB9007B574F /* Products */,
			);
			sourceTree = "<group>";
		};
		C42E7ADB2CFFEFB9007B574F /* Products */ = {
			isa = PBXGroup;
			children = (
				C42E7ADA2CFFEFB9007B574F /* Appétit.app */,
				C42E7AEF2CFFEFBB007B574F /* AppétitTests.xctest */,
				C42E7AF92CFFEFBB007B574F /* AppétitUITests.xctest */,
			);
			name = Products;
			sourceTree = "<group>";
		};
/* End PBXGroup section */

/* Begin PBXNativeTarget section */
		C42E7AD92CFFEFB9007B574F /* Appétit */ = {
			isa = PBXNativeTarget;
			buildConfigurationList = C42E7B032CFFEFBB007B574F /* Build configuration list for PBXNativeTarget "Appétit" */;
			buildPhases = (
				C42E7AD62CFFEFB9007B574F /* Sources */,
				C42E7AD72CFFEFB9007B574F /* Frameworks */,
				C42E7AD82CFFEFB9007B574F /* Resources */,
			);
			buildRules = (
			);
			dependencies = (
			);
			fileSystemSynchronizedGroups = (
				C42E7ADC2CFFEFB9007B574F /* Appétit */,
			);
			name = "Appétit";
			packageProductDependencies = (
			);
			productName = "Appétit";
			productReference = C42E7ADA2CFFEFB9007B574F /* Appétit.app */;
			productType = "com.apple.product-type.application";
		};
		C42E7AEE2CFFEFBB007B574F /* AppétitTests */ = {
			isa = PBXNativeTarget;
			buildConfigurationList = C42E7B062CFFEFBB007B574F /* Build configuration list for PBXNativeTarget "AppétitTests" */;
			buildPhases = (
				C42E7AEB2CFFEFBB007B574F /* Sources */,
				C42E7AEC2CFFEFBB007B574F /* Frameworks */,
				C42E7AED2CFFEFBB007B574F /* Resources */,
			);
			buildRules = (
			);
			dependencies = (
				C42E7AF12CFFEFBB007B574F /* PBXTargetDependency */,
			);
			fileSystemSynchronizedGroups = (
				C42E7AF22CFFEFBB007B574F /* AppétitTests */,
			);
			name = "AppétitTests";
			packageProductDependencies = (
			);
			productName = "AppétitTests";
			productReference = C42E7AEF2CFFEFBB007B574F /* AppétitTests.xctest */;
			productType = "com.apple.product-type.bundle.unit-test";
		};
		C42E7AF82CFFEFBB007B574F /* AppétitUITests */ = {
			isa = PBXNativeTarget;
			buildConfigurationList = C42E7B092CFFEFBB007B574F /* Build configuration list for PBXNativeTarget "AppétitUITests" */;
			buildPhases = (
				C42E7AF52CFFEFBB007B574F /* Sources */,
				C42E7AF62CFFEFBB007B574F /* Frameworks */,
				C42E7AF72CFFEFBB007B574F /* Resources */,
			);
			buildRules = (
			);
			dependencies = (
				C42E7AFB2CFFEFBB007B574F /* PBXTargetDependency */,
			);
			fileSystemSynchronizedGroups = (
				C42E7AFC2CFFEFBB007B574F /* AppétitUITests */,
			);
			name = "AppétitUITests";
			packageProductDependencies = (
			);
			productName = "AppétitUITests";
			productReference = C42E7AF92CFFEFBB007B574F /* AppétitUITests.xctest */;
			productType = "com.apple.product-type.bundle.ui-testing";
		};
/* End PBXNativeTarget section */

/* Begin PBXProject section */
		C42E7AD22CFFEFB9007B574F /* Project object */ = {
			isa = PBXProject;
			attributes = {
				BuildIndependentTargetsInParallel = 1;
				LastSwiftUpdateCheck = 1600;
				LastUpgradeCheck = 1600;
				TargetAttributes = {
					C42E7AD92CFFEFB9007B574F = {
						CreatedOnToolsVersion = 16.0;
					};
					C42E7AEE2CFFEFBB007B574F = {
						CreatedOnToolsVersion = 16.0;
						TestTargetID = C42E7AD92CFFEFB9007B574F;
					};
					C42E7AF82CFFEFBB007B574F = {
						CreatedOnToolsVersion = 16.0;
						TestTargetID = C42E7AD92CFFEFB9007B574F;
					};
				};
			};
			buildConfigurationList = C42E7AD52CFFEFB9007B574F /* Build configuration list for PBXProject "Appétit" */;
			developmentRegion = en;
			hasScannedForEncodings = 0;
			knownRegions = (
				en,
				Base,
			);
			mainGroup = C42E7AD12CFFEFB9007B574F;
			minimizedProjectReferenceProxies = 1;
			preferredProjectObjectVersion = 77;
			productRefGroup = C42E7ADB2CFFEFB9007B574F /* Products */;
			projectDirPath = "";
			projectRoot = "";
			targets = (
				C42E7AD92CFFEFB9007B574F /* Appétit */,
				C42E7AEE2CFFEFBB007B574F /* AppétitTests */,
				C42E7AF82CFFEFBB007B574F /* AppétitUITests */,
			);
		};
/* End PBXProject section */

/* Begin PBXResourcesBuildPhase section */
		C42E7AD82CFFEFB9007B574F /* Resources */ = {
			isa = PBXResourcesBuildPhase;
			buildActionMask = 2147483647;
			files = (
			);
			runOnlyForDeploymentPostprocessing = 0;
		};
		C42E7AED2CFFEFBB007B574F /* Resources */ = {
			isa = PBXResourcesBuildPhase;
			buildActionMask = 2147483647;
			files = (
			);
			runOnlyForDeploymentPostprocessing = 0;
		};
		C42E7AF72CFFEFBB007B574F /* Resources */ = {
			isa = PBXResourcesBuildPhase;
			buildActionMask = 2147483647;
			files = (
			);
			runOnlyForDeploymentPostprocessing = 0;
		};
/* End PBXResourcesBuildPhase section */

/* Begin PBXSourcesBuildPhase section */
		C42E7AD62CFFEFB9007B574F /* Sources */ = {
			isa = PBXSourcesBuildPhase;
			buildActionMask = 2147483647;
			files = (
			);
			runOnlyForDeploymentPostprocessing = 0;
		};
		C42E7AEB2CFFEFBB007B574F /* Sources */ = {
			isa = PBXSourcesBuildPhase;
			buildActionMask = 2147483647;
			files = (
			);
			runOnlyForDeploymentPostprocessing = 0;
		};
		C42E7AF52CFFEFBB007B574F /* Sources */ = {
			isa = PBXSourcesBuildPhase;
			buildActionMask = 2147483647;
			files = (
			);
			runOnlyForDeploymentPostprocessing = 0;
		};
/* End PBXSourcesBuildPhase section */

/* Begin PBXTargetDependency section */
		C42E7AF12CFFEFBB007B574F /* PBXTargetDependency */ = {
			isa = PBXTargetDependency;
			target = C42E7AD92CFFEFB9007B574F /* Appétit */;
			targetProxy = C42E7AF02CFFEFBB007B574F /* PBXContainerItemProxy */;
		};
		C42E7AFB2CFFEFBB007B574F /* PBXTargetDependency */ = {
			isa = PBXTargetDependency;
			target = C42E7AD92CFFEFB9007B574F /* Appétit */;
			targetProxy = C42E7AFA2CFFEFBB007B574F /* PBXContainerItemProxy */;
		};
/* End PBXTargetDependency section */

/* Begin XCBuildConfiguration section */
		C42E7B012CFFEFBB007B574F /* Debug */ = {
			isa = XCBuildConfiguration;
			buildSettings = {
				ALWAYS_SEARCH_USER_PATHS = NO;
				ASSETCATALOG_COMPILER_GENERATE_SWIFT_ASSET_SYMBOL_EXTENSIONS = YES;
				CLANG_ANALYZER_NONNULL = YES;
				CLANG_ANALYZER_NUMBER_OBJECT_CONVERSION = YES_AGGRESSIVE;
				CLANG_CXX_LANGUAGE_STANDARD = "gnu++20";
				CLANG_ENABLE_MODULES = YES;
				CLANG_ENABLE_OBJC_ARC = YES;
				CLANG_ENABLE_OBJC_WEAK = YES;
				CLANG_WARN_BLOCK_CAPTURE_AUTORELEASING = YES;
				CLANG_WARN_BOOL_CONVERSION = YES;
				CLANG_WARN_COMMA = YES;
				CLANG_WARN_CONSTANT_CONVERSION = YES;
				CLANG_WARN_DEPRECATED_OBJC_IMPLEMENTATIONS = YES;
				CLANG_WARN_DIRECT_OBJC_ISA_USAGE = YES_ERROR;
				CLANG_WARN_DOCUMENTATION_COMMENTS = YES;
				CLANG_WARN_EMPTY_BODY = YES;
				CLANG_WARN_ENUM_CONVERSION = YES;
				CLANG_WARN_INFINITE_RECURSION = YES;
				CLANG_WARN_INT_CONVERSION = YES;
				CLANG_WARN_NON_LITERAL_NULL_CONVERSION = YES;
				CLANG_WARN_OBJC_IMPLICIT_RETAIN_SELF = YES;
				CLANG_WARN_OBJC_LITERAL_CONVERSION = YES;
				CLANG_WARN_OBJC_ROOT_CLASS = YES_ERROR;
				CLANG_WARN_QUOTED_INCLUDE_IN_FRAMEWORK_HEADER = YES;
				CLANG_WARN_RANGE_LOOP_ANALYSIS = YES;
				CLANG_WARN_STRICT_PROTOTYPES = YES;
				CLANG_WARN_SUSPICIOUS_MOVE = YES;
				CLANG_WARN_UNGUARDED_AVAILABILITY = YES_AGGRESSIVE;
				CLANG_WARN_UNREACHABLE_CODE = YES;
				CLANG_WARN__DUPLICATE_METHOD_MATCH = YES;
				COPY_PHASE_STRIP = NO;
				DEBUG_INFORMATION_FORMAT = dwarf;
				ENABLE_STRICT_OBJC_MSGSEND = YES;
				ENABLE_TESTABILITY = YES;
				ENABLE_USER_SCRIPT_SANDBOXING = YES;
				GCC_C_LANGUAGE_STANDARD = gnu17;
				GCC_DYNAMIC_NO_PIC = NO;
				GCC_NO_COMMON_BLOCKS = YES;
				GCC_OPTIMIZATION_LEVEL = 0;
				GCC_PREPROCESSOR_DEFINITIONS = (
					"DEBUG=1",
					"$(inherited)",
				);
				GCC_WARN_64_TO_32_BIT_CONVERSION = YES;
				GCC_WARN_ABOUT_RETURN_TYPE = YES_ERROR;
				GCC_WARN_UNDECLARED_SELECTOR = YES;
				GCC_WARN_UNINITIALIZED_AUTOS = YES_AGGRESSIVE;
				GCC_WARN_UNUSED_FUNCTION = YES;
				GCC_WARN_UNUSED_VARIABLE = YES;
				IPHONEOS_DEPLOYMENT_TARGET = 18.0;
				LOCALIZATION_PREFERS_STRING_CATALOGS = YES;
				MTL_ENABLE_DEBUG_INFO = INCLUDE_SOURCE;
				MTL_FAST_MATH = YES;
				ONLY_ACTIVE_ARCH = YES;
				SDKROOT = iphoneos;
				SWIFT_ACTIVE_COMPILATION_CONDITIONS = "DEBUG $(inherited)";
				SWIFT_OPTIMIZATION_LEVEL = "-Onone";
			};
			name = Debug;
		};
		C42E7B022CFFEFBB007B574F /* Release */ = {
			isa = XCBuildConfiguration;
			buildSettings = {
				ALWAYS_SEARCH_USER_PATHS = NO;
				ASSETCATALOG_COMPILER_GENERATE_SWIFT_ASSET_SYMBOL_EXTENSIONS = YES;
				CLANG_ANALYZER_NONNULL = YES;
				CLANG_ANALYZER_NUMBER_OBJECT_CONVERSION = YES_AGGRESSIVE;
				CLANG_CXX_LANGUAGE_STANDARD = "gnu++20";
				CLANG_ENABLE_MODULES = YES;
				CLANG_ENABLE_OBJC_ARC = YES;
				CLANG_ENABLE_OBJC_WEAK = YES;
				CLANG_WARN_BLOCK_CAPTURE_AUTORELEASING = YES;
				CLANG_WARN_BOOL_CONVERSION = YES;
				CLANG_WARN_COMMA = YES;
				CLANG_WARN_CONSTANT_CONVERSION = YES;
				CLANG_WARN_DEPRECATED_OBJC_IMPLEMENTATIONS = YES;
				CLANG_WARN_DIRECT_OBJC_ISA_USAGE = YES_ERROR;
				CLANG_WARN_DOCUMENTATION_COMMENTS = YES;
				CLANG_WARN_EMPTY_BODY = YES;
				CLANG_WARN_ENUM_CONVERSION = YES;
				CLANG_WARN_INFINITE_RECURSION = YES;
				CLANG_WARN_INT_CONVERSION = YES;
				CLANG_WARN_NON_LITERAL_NULL_CONVERSION = YES;
				CLANG_WARN_OBJC_IMPLICIT_RETAIN_SELF = YES;
				CLANG_WARN_OBJC_LITERAL_CONVERSION = YES;
				CLANG_WARN_OBJC_ROOT_CLASS = YES_ERROR;
				CLANG_WARN_QUOTED_INCLUDE_IN_FRAMEWORK_HEADER = YES;
				CLANG_WARN_RANGE_LOOP_ANALYSIS = YES;
				CLANG_WARN_STRICT_PROTOTYPES = YES;
				CLANG_WARN_SUSPICIOUS_MOVE = YES;
				CLANG_WARN_UNGUARDED_AVAILABILITY = YES_AGGRESSIVE;
				CLANG_WARN_UNREACHABLE_CODE = YES;
				CLANG_WARN__DUPLICATE_METHOD_MATCH = YES;
				COPY_PHASE_STRIP = NO;
				DEBUG_INFORMATION_FORMAT = "dwarf-with-dsym";
				ENABLE_NS_ASSERTIONS = NO;
				ENABLE_STRICT_OBJC_MSGSEND = YES;
				ENABLE_USER_SCRIPT_SANDBOXING = YES;
				GCC_C_LANGUAGE_STANDARD = gnu17;
				GCC_NO_COMMON_BLOCKS = YES;
				GCC_WARN_64_TO_32_BIT_CONVERSION = YES;
				GCC_WARN_ABOUT_RETURN_TYPE = YES_ERROR;
				GCC_WARN_UNDECLARED_SELECTOR = YES;
				GCC_WARN_UNINITIALIZED_AUTOS = YES_AGGRESSIVE;
				GCC_WARN_UNUSED_FUNCTION = YES;
				GCC_WARN_UNUSED_VARIABLE = YES;
				IPHONEOS_DEPLOYMENT_TARGET = 18.0;
				LOCALIZATION_PREFERS_STRING_CATALOGS = YES;
				MTL_ENABLE_DEBUG_INFO = NO;
				MTL_FAST_MATH = YES;
				SDKROOT = iphoneos;
				SWIFT_COMPILATION_MODE = wholemodule;
				VALIDATE_PRODUCT = YES;
			};
			name = Release;
		};
		C42E7B042CFFEFBB007B574F /* Debug */ = {
			isa = XCBuildConfiguration;
			buildSettings = {
				ASSETCATALOG_COMPILER_APPICON_NAME = AppIcon;
				ASSETCATALOG_COMPILER_GLOBAL_ACCENT_COLOR_NAME = AccentColor;
				CODE_SIGN_STYLE = Automatic;
				CURRENT_PROJECT_VERSION = 1;
				DEVELOPMENT_ASSET_PATHS = "\"Appétit/Preview Content\"";
				ENABLE_PREVIEWS = YES;
				GENERATE_INFOPLIST_FILE = YES;
				INFOPLIST_KEY_UIApplicationSceneManifest_Generation = YES;
				INFOPLIST_KEY_UIApplicationSupportsIndirectInputEvents = YES;
				INFOPLIST_KEY_UILaunchScreen_Generation = YES;
				INFOPLIST_KEY_UISupportedInterfaceOrientations_iPad = "UIInterfaceOrientationPortrait UIInterfaceOrientationPortraitUpsideDown UIInterfaceOrientationLandscapeLeft UIInterfaceOrientationLandscapeRight";
				INFOPLIST_KEY_UISupportedInterfaceOrientations_iPhone = "UIInterfaceOrientationPortrait UIInterfaceOrientationLandscapeLeft UIInterfaceOrientationLandscapeRight";
				LD_RUNPATH_SEARCH_PATHS = (
					"$(inherited)",
					"@executable_path/Frameworks",
				);
				MARKETING_VERSION = 1.0;
				PRODUCT_BUNDLE_IDENTIFIER = "ar.Appe-tit";
				PRODUCT_NAME = "$(TARGET_NAME)";
				SWIFT_EMIT_LOC_STRINGS = YES;
				SWIFT_VERSION = 5.0;
				TARGETED_DEVICE_FAMILY = "1,2";
			};
			name = Debug;
		};
		C42E7B052CFFEFBB007B574F /* Release */ = {
			isa = XCBuildConfiguration;
			buildSettings = {
				ASSETCATALOG_COMPILER_APPICON_NAME = AppIcon;
				ASSETCATALOG_COMPILER_GLOBAL_ACCENT_COLOR_NAME = AccentColor;
				CODE_SIGN_STYLE = Automatic;
				CURRENT_PROJECT_VERSION = 1;
				DEVELOPMENT_ASSET_PATHS = "\"Appétit/Preview Content\"";
				ENABLE_PREVIEWS = YES;
				GENERATE_INFOPLIST_FILE = YES;
				INFOPLIST_KEY_UIApplicationSceneManifest_Generation = YES;
				INFOPLIST_KEY_UIApplicationSupportsIndirectInputEvents = YES;
				INFOPLIST_KEY_UILaunchScreen_Generation = YES;
				INFOPLIST_KEY_UISupportedInterfaceOrientations_iPad = "UIInterfaceOrientationPortrait UIInterfaceOrientationPortraitUpsideDown UIInterfaceOrientationLandscapeLeft UIInterfaceOrientationLandscapeRight";
				INFOPLIST_KEY_UISupportedInterfaceOrientations_iPhone = "UIInterfaceOrientationPortrait UIInterfaceOrientationLandscapeLeft UIInterfaceOrientationLandscapeRight";
				LD_RUNPATH_SEARCH_PATHS = (
					"$(inherited)",
					"@executable_path/Frameworks",
				);
				MARKETING_VERSION = 1.0;
				PRODUCT_BUNDLE_IDENTIFIER = "ar.Appe-tit";
				PRODUCT_NAME = "$(TARGET_NAME)";
				SWIFT_EMIT_LOC_STRINGS = YES;
				SWIFT_VERSION = 5.0;
				TARGETED_DEVICE_FAMILY = "1,2";
			};
			name = Release;
		};
		C42E7B072CFFEFBB007B574F /* Debug */ = {
			isa = XCBuildConfiguration;
			buildSettings = {
				BUNDLE_LOADER = "$(TEST_HOST)";
				CODE_SIGN_STYLE = Automatic;
				CURRENT_PROJECT_VERSION = 1;
				GENERATE_INFOPLIST_FILE = YES;
				IPHONEOS_DEPLOYMENT_TARGET = 18.0;
				MARKETING_VERSION = 1.0;
				PRODUCT_BUNDLE_IDENTIFIER = "ar.Appe-titTests";
				PRODUCT_NAME = "$(TARGET_NAME)";
				SWIFT_EMIT_LOC_STRINGS = NO;
				SWIFT_VERSION = 5.0;
				TARGETED_DEVICE_FAMILY = "1,2";
				TEST_HOST = "$(BUILT_PRODUCTS_DIR)/Appétit.app/$(BUNDLE_EXECUTABLE_FOLDER_PATH)/Appétit";
			};
			name = Debug;
		};
		C42E7B082CFFEFBB007B574F /* Release */ = {
			isa = XCBuildConfiguration;
			buildSettings = {
				BUNDLE_LOADER = "$(TEST_HOST)";
				CODE_SIGN_STYLE = Automatic;
				CURRENT_PROJECT_VERSION = 1;
				GENERATE_INFOPLIST_FILE = YES;
				IPHONEOS_DEPLOYMENT_TARGET = 18.0;
				MARKETING_VERSION = 1.0;
				PRODUCT_BUNDLE_IDENTIFIER = "ar.Appe-titTests";
				PRODUCT_NAME = "$(TARGET_NAME)";
				SWIFT_EMIT_LOC_STRINGS = NO;
				SWIFT_VERSION = 5.0;
				TARGETED_DEVICE_FAMILY = "1,2";
				TEST_HOST = "$(BUILT_PRODUCTS_DIR)/Appétit.app/$(BUNDLE_EXECUTABLE_FOLDER_PATH)/Appétit";
			};
			name = Release;
		};
		C42E7B0A2CFFEFBB007B574F /* Debug */ = {
			isa = XCBuildConfiguration;
			buildSettings = {
				CODE_SIGN_STYLE = Automatic;
				CURRENT_PROJECT_VERSION = 1;
				GENERATE_INFOPLIST_FILE = YES;
				MARKETING_VERSION = 1.0;
				PRODUCT_BUNDLE_IDENTIFIER = "ar.Appe-titUITests";
				PRODUCT_NAME = "$(TARGET_NAME)";
				SWIFT_EMIT_LOC_STRINGS = NO;
				SWIFT_VERSION = 5.0;
				TARGETED_DEVICE_FAMILY = "1,2";
				TEST_TARGET_NAME = "Appétit";
			};
			name = Debug;
		};
		C42E7B0B2CFFEFBB007B574F /* Release */ = {
			isa = XCBuildConfiguration;
			buildSettings = {
				CODE_SIGN_STYLE = Automatic;
				CURRENT_PROJECT_VERSION = 1;
				GENERATE_INFOPLIST_FILE = YES;
				MARKETING_VERSION = 1.0;
				PRODUCT_BUNDLE_IDENTIFIER = "ar.Appe-titUITests";
				PRODUCT_NAME = "$(TARGET_NAME)";
				SWIFT_EMIT_LOC_STRINGS = NO;
				SWIFT_VERSION = 5.0;
				TARGETED_DEVICE_FAMILY = "1,2";
				TEST_TARGET_NAME = "Appétit";
			};
			name = Release;
		};
/* End XCBuildConfiguration section */

/* Begin XCConfigurationList section */
		C42E7AD52CFFEFB9007B574F /* Build configuration list for PBXProject "Appétit" */ = {
			isa = XCConfigurationList;
			buildConfigurations = (
				C42E7B012CFFEFBB007B574F /* Debug */,
				C42E7B022CFFEFBB007B574F /* Release */,
			);
			defaultConfigurationIsVisible = 0;
			defaultConfigurationName = Release;
		};
		C42E7B032CFFEFBB007B574F /* Build configuration list for PBXNativeTarget "Appétit" */ = {
			isa = XCConfigurationList;
			buildConfigurations = (
				C42E7B042CFFEFBB007B574F /* Debug */,
				C42E7B052CFFEFBB007B574F /* Release */,
			);
			defaultConfigurationIsVisible = 0;
			defaultConfigurationName = Release;
		};
		C42E7B062CFFEFBB007B574F /* Build configuration list for PBXNativeTarget "AppétitTests" */ = {
			isa = XCConfigurationList;
			buildConfigurations = (
				C42E7B072CFFEFBB007B574F /* Debug */,
				C42E7B082CFFEFBB007B574F /* Release */,
			);
			defaultConfigurationIsVisible = 0;
			defaultConfigurationName = Release;
		};
		C42E7B092CFFEFBB007B574F /* Build configuration list for PBXNativeTarget "AppétitUITests" */ = {
			isa = XCConfigurationList;
			buildConfigurations = (
				C42E7B0A2CFFEFBB007B574F /* Debug */,
				C42E7B0B2CFFEFBB007B574F /* Release */,
			);
			defaultConfigurationIsVisible = 0;
			defaultConfigurationName = Release;
		};
/* End XCConfigurationList section */
	};
	rootObject = C42E7AD22CFFEFB9007B574F /* Project object */;
}
